
Microsoft Visual Studio Solution File, Format Version 12.00
# Visual Studio 14
VisualStudioVersion = 14.0.23107.0
MinimumVisualStudioVersion = 10.0.40219.1
Project("{FAE04EC0-301F-11D3-BF4B-00C04F79EFBC}") = "TT.ATM", "TT.ATM\TT.ATM.csproj", "{CEF44125-7A0D-4B06-9494-4FA2E5B129CA}"
EndProject
Project("{FAE04EC0-301F-11D3-BF4B-00C04F79EFBC}") = "TT.ATM.Domain", "TT.ATM.Domain\TT.ATM.Domain.csproj", "{F052F440-6DC6-459D-8577-845A3402BCD6}"
EndProject
Project("{FAE04EC0-301F-11D3-BF4B-00C04F79EFBC}") = "TT.ATM.Test", "TT.ATM.Test\TT.ATM.Test.csproj", "{EB8ADB33-2D2F-49B5-870A-47E18D4BD348}"
EndProject
Global
	GlobalSection(SolutionConfigurationPlatforms) = preSolution
		Debug|Any CPU = Debug|Any CPU
		Release|Any CPU = Release|Any CPU
	EndGlobalSection
	GlobalSection(ProjectConfigurationPlatforms) = postSolution
		{CEF44125-7A0D-4B06-9494-4FA2E5B129CA}.Debug|Any CPU.ActiveCfg = Debug|Any CPU
		{CEF44125-7A0D-4B06-9494-4FA2E5B129CA}.Debug|Any CPU.Build.0 = Debug|Any CPU
		{CEF44125-7A0D-4B06-9494-4FA2E5B129CA}.Release|Any CPU.ActiveCfg = Release|Any CPU
		{CEF44125-7A0D-4B06-9494-4FA2E5B129CA}.Release|Any CPU.Build.0 = Release|Any CPU
		{F052F440-6DC6-459D-8577-845A3402BCD6}.Debug|Any CPU.ActiveCfg = Debug|Any CPU
		{F052F440-6DC6-459D-8577-845A3402BCD6}.Debug|Any CPU.Build.0 = Debug|Any CPU
		{F052F440-6DC6-459D-8577-845A3402BCD6}.Release|Any CPU.ActiveCfg = Release|Any CPU
		{F052F440-6DC6-459D-8577-845A3402BCD6}.Release|Any CPU.Build.0 = Release|Any CPU
		{EB8ADB33-2D2F-49B5-870A-47E18D4BD348}.Debug|Any CPU.ActiveCfg = Debug|Any CPU
		{EB8ADB33-2D2F-49B5-870A-47E18D4BD348}.Debug|Any CPU.Build.0 = Debug|Any CPU
		{EB8ADB33-2D2F-49B5-870A-47E18D4BD348}.Release|Any CPU.ActiveCfg = Release|Any CPU
		{EB8ADB33-2D2F-49B5-870A-47E18D4BD348}.Release|Any CPU.Build.0 = Release|Any CPU
	EndGlobalSection
	GlobalSection(SolutionProperties) = preSolution
		HideSolutionNode = FALSE
	EndGlobalSection
EndGlobal
